
Microsoft Visual Studio Solution File, Format Version 12.00
# Visual Studio Version 17
VisualStudioVersion = 17.6.33829.357
MinimumVisualStudioVersion = 10.0.40219.1
Project("{FAE04EC0-301F-11D3-BF4B-00C04F79EFBC}") = "Bank", "Bank\Bank.csproj", "{31004FCD-BB15-4191-97E2-453804719A78}"
EndProject
Global
	GlobalSection(SolutionConfigurationPlatforms) = preSolution
		Debug|Any CPU = Debug|Any CPU
		Release|Any CPU = Release|Any CPU
	EndGlobalSection
	GlobalSection(ProjectConfigurationPlatforms) = postSolution
		{31004FCD-BB15-4191-97E2-453804719A78}.Debug|Any CPU.ActiveCfg = Debug|Any CPU
		{31004FCD-BB15-4191-97E2-453804719A78}.Debug|Any CPU.Build.0 = Debug|Any CPU
		{31004FCD-BB15-4191-97E2-453804719A78}.Release|Any CPU.ActiveCfg = Release|Any CPU
		{31004FCD-BB15-4191-97E2-453804719A78}.Release|Any CPU.Build.0 = Release|Any CPU
	EndGlobalSection
	GlobalSection(SolutionProperties) = preSolution
		HideSolutionNode = FALSE
	EndGlobalSection
	GlobalSection(ExtensibilityGlobals) = postSolution
		SolutionGuid = {42A39294-018C-4145-9F3A-A9A17DD07353}
	EndGlobalSection
EndGlobal
